{
  "name": "VTrackClientAgent",
  "version": "1.0.0",
  "lockfileVersion": 1,
  "requires": true,
  "dependencies": {
    "amqplib": {
      "version": "0.5.2",
      "resolved": "https://registry.npmjs.org/amqplib/-/amqplib-0.5.2.tgz",
      "integrity": "sha1-0tcxPH/6pNELzx5iUt5FkbbMe2M=",
      "requires": {
        "bitsyntax": "0.0.4",
        "bluebird": "3.5.1",
        "buffer-more-ints": "0.0.2",
        "readable-stream": "1.1.14",
        "safe-buffer": "5.1.1"
      },
      "dependencies": {
        "bitsyntax": {
          "version": "0.0.4",
          "resolved": "https://registry.npmjs.org/bitsyntax/-/bitsyntax-0.0.4.tgz",
          "integrity": "sha1-6xDMb4K4xJDj6FaY8H6D1G4MuoI=",
          "requires": {
            "buffer-more-ints": "0.0.2"
          }
        },
        "bluebird": {
          "version": "3.5.1",
          "resolved": "https://registry.npmjs.org/bluebird/-/bluebird-3.5.1.tgz",
          "integrity": "sha1-2VUfnemPH82h5oPRfukaBgLuLrk="
        },
        "buffer-more-ints": {
          "version": "0.0.2",
          "resolved": "https://registry.npmjs.org/buffer-more-ints/-/buffer-more-ints-0.0.2.tgz",
          "integrity": "sha1-JrOIXRD6E9t/wBquOquHAZngEkw="
        },
        "readable-stream": {
          "version": "1.1.14",
          "resolved": "https://registry.npmjs.org/readable-stream/-/readable-stream-1.1.14.tgz",
          "integrity": "sha1-fPTFTvZI44EwhMY23SB54WbAgdk=",
          "requires": {
            "core-util-is": "1.0.2",
            "inherits": "2.0.3",
            "isarray": "0.0.1",
            "string_decoder": "0.10.31"
          },
          "dependencies": {
            "core-util-is": {
              "version": "1.0.2",
              "resolved": "https://registry.npmjs.org/core-util-is/-/core-util-is-1.0.2.tgz",
              "integrity": "sha1-tf1UIgqivFq1eqtxQMlAdUUDwac="
            },
            "inherits": {
              "version": "2.0.3",
              "resolved": "https://registry.npmjs.org/inherits/-/inherits-2.0.3.tgz",
              "integrity": "sha1-Yzwsg+PaQqUC9SRmAiSA9CCCYd4="
            },
            "isarray": {
              "version": "0.0.1",
              "resolved": "https://registry.npmjs.org/isarray/-/isarray-0.0.1.tgz",
              "integrity": "sha1-ihis/Kmo9Bd+Cav8YDiTmwXR7t8="
            },
            "string_decoder": {
              "version": "0.10.31",
              "resolved": "https://registry.npmjs.org/string_decoder/-/string_decoder-0.10.31.tgz",
              "integrity": "sha1-YuIDvEF2bGwoyfyEMB2rHFMQ+pQ="
            }
          }
        },
        "safe-buffer": {
          "version": "5.1.1",
          "resolved": "https://registry.npmjs.org/safe-buffer/-/safe-buffer-5.1.1.tgz",
          "integrity": "sha1-iTMSr2myEj3vcfV4iQAWce6yyFM="
        }
      }
    },
    "apple-system-profiler": {
      "version": "1.0.0",
      "resolved": "https://registry.npmjs.org/apple-system-profiler/-/apple-system-profiler-1.0.0.tgz",
      "integrity": "sha1-oZBbiq7IHQNjOKcJyskcqXjYeWc=",
      "requires": {
        "plist": "2.1.0"
      }
    },
    "base64-js": {
      "version": "1.2.0",
      "resolved": "https://registry.npmjs.org/base64-js/-/base64-js-1.2.0.tgz",
      "integrity": "sha1-o5mS1yNYSBGYK+XikLtqU9hnAPE="
    },
    "dialog": {
      "version": "0.3.1",
      "resolved": "https://registry.npmjs.org/dialog/-/dialog-0.3.1.tgz",
      "integrity": "sha1-j9m0f9sne7noIXK7bia8V4qmElQ="
    },
    "fetch-installed-software": {
      "version": "0.0.6",
      "resolved": "https://registry.npmjs.org/fetch-installed-software/-/fetch-installed-software-0.0.6.tgz",
      "integrity": "sha1-qwrxOnD6xNNKfwBldYLz+eHBeeQ="
    },
    "hex-to-dec": {
      "version": "1.0.1",
      "resolved": "https://registry.npmjs.org/hex-to-dec/-/hex-to-dec-1.0.1.tgz",
      "integrity": "sha1-8GZkphGo4xdMhfwXCb/Q4yQ+D2c="
    },
    "jsonfile": {
      "version": "4.0.0",
      "resolved": "https://registry.npmjs.org/jsonfile/-/jsonfile-4.0.0.tgz",
      "integrity": "sha1-h3Gq4HmbZAdrdmQPygWPnBDjPss=",
      "requires": {
        "graceful-fs": "4.1.11"
      },
      "dependencies": {
        "graceful-fs": {
          "version": "4.1.11",
          "resolved": "https://registry.npmjs.org/graceful-fs/-/graceful-fs-4.1.11.tgz",
          "integrity": "sha1-Dovf5NHduIVNZOBOp8AOKgJuVlg=",
          "optional": true
        }
      }
    },
    "node-notifier": {
      "version": "5.2.1",
      "resolved": "https://registry.npmjs.org/node-notifier/-/node-notifier-5.2.1.tgz",
      "integrity": "sha1-+jE90I9VF9sOJQLldY1mSsafneo=",
      "requires": {
        "growly": "1.3.0",
        "semver": "5.5.0",
        "shellwords": "0.1.1",
        "which": "1.3.0"
      },
      "dependencies": {
        "growly": {
          "version": "1.3.0",
          "resolved": "https://registry.npmjs.org/growly/-/growly-1.3.0.tgz",
          "integrity": "sha1-8QdIy+dq+WS3yWyTxrzCivEgwIE="
        },
        "semver": {
          "version": "5.5.0",
          "resolved": "https://registry.npmjs.org/semver/-/semver-5.5.0.tgz",
          "integrity": "sha1-3Eu8emyp2Rbe5dQ1FvAJK1j3uKs="
        },
        "shellwords": {
          "version": "0.1.1",
          "resolved": "https://registry.npmjs.org/shellwords/-/shellwords-0.1.1.tgz",
          "integrity": "sha1-1rkYHBpI05cyTISHHvvPxz/AZUs="
        },
        "which": {
          "version": "1.3.0",
          "resolved": "https://registry.npmjs.org/which/-/which-1.3.0.tgz",
          "integrity": "sha1-/wS9/AEO5UfXgL7DjhrBwnd9JTo=",
          "requires": {
            "isexe": "2.0.0"
          },
          "dependencies": {
            "isexe": {
              "version": "2.0.0",
              "resolved": "https://registry.npmjs.org/isexe/-/isexe-2.0.0.tgz",
              "integrity": "sha1-6PvzdNxVb/iUehDcsFctYz8s+hA="
            }
          }
        }
      }
    },
    "ping-lite": {
      "version": "1.0.2",
      "resolved": "https://registry.npmjs.org/ping-lite/-/ping-lite-1.0.2.tgz",
      "integrity": "sha1-tizeawl2roquVv+Py8wcjmCAYl8="
    },
    "plist": {
      "version": "2.1.0",
      "resolved": "https://registry.npmjs.org/plist/-/plist-2.1.0.tgz",
      "integrity": "sha1-V8zbeggh3yGDEhejytVOPhRqECU=",
      "requires": {
        "base64-js": "1.2.0",
        "xmlbuilder": "8.2.2",
        "xmldom": "0.1.27"
      }
    },
    "systeminformation": {
      "version": "3.33.18",
      "resolved": "https://registry.npmjs.org/systeminformation/-/systeminformation-3.33.18.tgz",
      "integrity": "sha1-KAHKuNRwHw53+9/qEF9gvJF81rs="
    },
    "xmlbuilder": {
      "version": "8.2.2",
      "resolved": "https://registry.npmjs.org/xmlbuilder/-/xmlbuilder-8.2.2.tgz",
      "integrity": "sha1-aSSGc0ELS6QuGmE2VR0pIjNap3M="
    },
    "xmldom": {
      "version": "0.1.27",
      "resolved": "https://registry.npmjs.org/xmldom/-/xmldom-0.1.27.tgz",
      "integrity": "sha1-1QH5ezvbQDr4757MIFcxh6rawOk="
    }
  }
}
